
Microsoft Visual Studio Solution File, Format Version 12.00
# Visual Studio Version 17
VisualStudioVersion = 17.14.36310.24 d17.14
MinimumVisualStudioVersion = 10.0.40219.1
Project("{FAE04EC0-301F-11D3-BF4B-00C04F79EFBC}") = "Aula10-ExerciciosGeral", "Aula10-ExerciciosGeral.csproj", "{7894DDC4-CFBF-4946-97AC-75C96B96E5EB}"
EndProject
Global
	GlobalSection(SolutionConfigurationPlatforms) = preSolution
		Debug|Any CPU = Debug|Any CPU
		Release|Any CPU = Release|Any CPU
	EndGlobalSection
	GlobalSection(ProjectConfigurationPlatforms) = postSolution
		{7894DDC4-CFBF-4946-97AC-75C96B96E5EB}.Debug|Any CPU.ActiveCfg = Debug|Any CPU
		{7894DDC4-CFBF-4946-97AC-75C96B96E5EB}.Debug|Any CPU.Build.0 = Debug|Any CPU
		{7894DDC4-CFBF-4946-97AC-75C96B96E5EB}.Release|Any CPU.ActiveCfg = Release|Any CPU
		{7894DDC4-CFBF-4946-97AC-75C96B96E5EB}.Release|Any CPU.Build.0 = Release|Any CPU
	EndGlobalSection
	GlobalSection(SolutionProperties) = preSolution
		HideSolutionNode = FALSE
	EndGlobalSection
	GlobalSection(ExtensibilityGlobals) = postSolution
		SolutionGuid = {1A1AE2B5-52D6-456E-A013-D0B730856A7C}
	EndGlobalSection
EndGlobal
