
Microsoft Visual Studio Solution File, Format Version 12.00
# Visual Studio Version 17
VisualStudioVersion = 17.14.36310.24 d17.14
MinimumVisualStudioVersion = 10.0.40219.1
Project("{FAE04EC0-301F-11D3-BF4B-00C04F79EFBC}") = "Aula11-ArraysVetor", "Aula11-ArraysVetor.csproj", "{76E8D1E8-BCCD-4830-8CF2-963B5B2F9D15}"
EndProject
Global
	GlobalSection(SolutionConfigurationPlatforms) = preSolution
		Debug|Any CPU = Debug|Any CPU
		Release|Any CPU = Release|Any CPU
	EndGlobalSection
	GlobalSection(ProjectConfigurationPlatforms) = postSolution
		{76E8D1E8-BCCD-4830-8CF2-963B5B2F9D15}.Debug|Any CPU.ActiveCfg = Debug|Any CPU
		{76E8D1E8-BCCD-4830-8CF2-963B5B2F9D15}.Debug|Any CPU.Build.0 = Debug|Any CPU
		{76E8D1E8-BCCD-4830-8CF2-963B5B2F9D15}.Release|Any CPU.ActiveCfg = Release|Any CPU
		{76E8D1E8-BCCD-4830-8CF2-963B5B2F9D15}.Release|Any CPU.Build.0 = Release|Any CPU
	EndGlobalSection
	GlobalSection(SolutionProperties) = preSolution
		HideSolutionNode = FALSE
	EndGlobalSection
	GlobalSection(ExtensibilityGlobals) = postSolution
		SolutionGuid = {5DFC9359-1ED5-400D-B7DC-16699EDAA6CD}
	EndGlobalSection
EndGlobal
